
Microsoft Visual Studio Solution File, Format Version 12.00
# Visual Studio Version 17
VisualStudioVersion = 17.7.34003.232
MinimumVisualStudioVersion = 10.0.40219.1
Project("{FAE04EC0-301F-11D3-BF4B-00C04F79EFBC}") = "BrightAkademiApi", "BrightAkademiApi.csproj", "{EACA8AC0-FAC0-4254-816B-D40816881A45}"
EndProject
Project("{FAE04EC0-301F-11D3-BF4B-00C04F79EFBC}") = "BrightAkademiApi.Business", "..\BrightAkademiApi.Business\BrightAkademiApi.Business.csproj", "{F8238A14-943A-4E8C-95B1-6765C2BEEAF5}"
EndProject
Project("{FAE04EC0-301F-11D3-BF4B-00C04F79EFBC}") = "BrightAkademiApi.Data", "..\BrightAkademiApi.Data\BrightAkademiApi.Data.csproj", "{AD17DF5E-D73D-46E8-8B21-6721AFDB2FC0}"
EndProject
Project("{FAE04EC0-301F-11D3-BF4B-00C04F79EFBC}") = "BrightAkademiApi.Entity", "..\BrightAkademiApi.Entity\BrightAkademiApi.Entity.csproj", "{C90AC69E-1220-4075-B0DE-B7FBD13B6E71}"
EndProject
Project("{FAE04EC0-301F-11D3-BF4B-00C04F79EFBC}") = "BrightAkademiApi.Shared", "..\BrightAkademiApi.Shared\BrightAkademiApi.Shared.csproj", "{32AFCD6F-7206-4B64-85E0-3D066BD1554C}"
EndProject
Global
	GlobalSection(SolutionConfigurationPlatforms) = preSolution
		Debug|Any CPU = Debug|Any CPU
		Release|Any CPU = Release|Any CPU
	EndGlobalSection
	GlobalSection(ProjectConfigurationPlatforms) = postSolution
		{EACA8AC0-FAC0-4254-816B-D40816881A45}.Debug|Any CPU.ActiveCfg = Debug|Any CPU
		{EACA8AC0-FAC0-4254-816B-D40816881A45}.Debug|Any CPU.Build.0 = Debug|Any CPU
		{EACA8AC0-FAC0-4254-816B-D40816881A45}.Release|Any CPU.ActiveCfg = Release|Any CPU
		{EACA8AC0-FAC0-4254-816B-D40816881A45}.Release|Any CPU.Build.0 = Release|Any CPU
		{F8238A14-943A-4E8C-95B1-6765C2BEEAF5}.Debug|Any CPU.ActiveCfg = Debug|Any CPU
		{F8238A14-943A-4E8C-95B1-6765C2BEEAF5}.Debug|Any CPU.Build.0 = Debug|Any CPU
		{F8238A14-943A-4E8C-95B1-6765C2BEEAF5}.Release|Any CPU.ActiveCfg = Release|Any CPU
		{F8238A14-943A-4E8C-95B1-6765C2BEEAF5}.Release|Any CPU.Build.0 = Release|Any CPU
		{AD17DF5E-D73D-46E8-8B21-6721AFDB2FC0}.Debug|Any CPU.ActiveCfg = Debug|Any CPU
		{AD17DF5E-D73D-46E8-8B21-6721AFDB2FC0}.Debug|Any CPU.Build.0 = Debug|Any CPU
		{AD17DF5E-D73D-46E8-8B21-6721AFDB2FC0}.Release|Any CPU.ActiveCfg = Release|Any CPU
		{AD17DF5E-D73D-46E8-8B21-6721AFDB2FC0}.Release|Any CPU.Build.0 = Release|Any CPU
		{C90AC69E-1220-4075-B0DE-B7FBD13B6E71}.Debug|Any CPU.ActiveCfg = Debug|Any CPU
		{C90AC69E-1220-4075-B0DE-B7FBD13B6E71}.Debug|Any CPU.Build.0 = Debug|Any CPU
		{C90AC69E-1220-4075-B0DE-B7FBD13B6E71}.Release|Any CPU.ActiveCfg = Release|Any CPU
		{C90AC69E-1220-4075-B0DE-B7FBD13B6E71}.Release|Any CPU.Build.0 = Release|Any CPU
		{32AFCD6F-7206-4B64-85E0-3D066BD1554C}.Debug|Any CPU.ActiveCfg = Debug|Any CPU
		{32AFCD6F-7206-4B64-85E0-3D066BD1554C}.Debug|Any CPU.Build.0 = Debug|Any CPU
		{32AFCD6F-7206-4B64-85E0-3D066BD1554C}.Release|Any CPU.ActiveCfg = Release|Any CPU
		{32AFCD6F-7206-4B64-85E0-3D066BD1554C}.Release|Any CPU.Build.0 = Release|Any CPU
	EndGlobalSection
	GlobalSection(SolutionProperties) = preSolution
		HideSolutionNode = FALSE
	EndGlobalSection
	GlobalSection(ExtensibilityGlobals) = postSolution
		SolutionGuid = {5C6E565D-BA65-4C6F-8C47-6064AF9FFD43}
	EndGlobalSection
EndGlobal
